{
  "name": "mkla.bz",
  "version": "1.0.0",
  "lockfileVersion": 1,
  "requires": true,
  "dependencies": {
    "bel": {
      "version": "4.6.0",
      "resolved": "https://registry.npmjs.org/bel/-/bel-4.6.0.tgz",
      "integrity": "sha1-Ot4W4jarIgTY0cZurEvVc3k6yZk=",
      "requires": {
        "global": "^4.3.0",
        "hyperx": "^2.3.0",
        "on-load": "^3.2.0"
      }
    },
    "component-bind": {
      "version": "1.0.0",
      "resolved": "https://registry.npmjs.org/component-bind/-/component-bind-1.0.0.tgz",
      "integrity": "sha1-AMYIq33Nk4l8AAllGx06jh5zu9E="
    },
    "component-event": {
      "version": "0.2.0",
      "resolved": "https://registry.npmjs.org/component-event/-/component-event-0.2.0.tgz",
      "integrity": "sha1-homnwlp90K/n4uhAgJHVueEs4ZY="
    },
    "component-os": {
      "version": "0.0.1",
      "resolved": "https://registry.npmjs.org/component-os/-/component-os-0.0.1.tgz",
      "integrity": "sha1-lZNDvg1oQ7t3cS/iePX/e1EjKWs="
    },
    "delegate": {
      "version": "3.2.0",
      "resolved": "https://registry.npmjs.org/delegate/-/delegate-3.2.0.tgz",
      "integrity": "sha512-IofjkYBZaZivn0V8nnsMJGBr4jVLxHDheKSW88PyxS5QC4Vo9ZbZVvhzlSxY87fVq3STR6r+4cGepyHkcWOQSw=="
    },
    "dom-walk": {
      "version": "0.1.1",
      "resolved": "https://registry.npmjs.org/dom-walk/-/dom-walk-0.1.1.tgz",
      "integrity": "sha1-ZyIm3HTI95mtNTB9+TaroRrNYBg="
    },
    "global": {
      "version": "4.3.2",
      "resolved": "https://registry.npmjs.org/global/-/global-4.3.2.tgz",
      "integrity": "sha1-52mJJopsdMOJCLEwWxD8DjlOnQ8=",
      "requires": {
        "min-document": "^2.19.0",
        "process": "~0.5.1"
      }
    },
    "hyperscript-attribute-to-property": {
      "version": "1.0.1",
      "resolved": "https://registry.npmjs.org/hyperscript-attribute-to-property/-/hyperscript-attribute-to-property-1.0.1.tgz",
      "integrity": "sha512-N++cqwJ58/cTBYh4zUhqnlOEF7GgStWxIqjNHFDHD13fmH7Iah4PksZLcxqmxAwn3loUyXSVGw1NTnRlOTqN5Q=="
    },
    "hyperx": {
      "version": "2.4.0",
      "resolved": "https://registry.npmjs.org/hyperx/-/hyperx-2.4.0.tgz",
      "integrity": "sha512-43jbOQfVkm9U0oAyBZ4Vt2eB0hZWS5EyrOhR3ZbgUrcprutGu9s/C476OVFL3QU1iynKO5s9kZsWrZm19gJKjg==",
      "requires": {
        "hyperscript-attribute-to-property": "^1.0.0"
      }
    },
    "min-document": {
      "version": "2.19.0",
      "resolved": "https://registry.npmjs.org/min-document/-/min-document-2.19.0.tgz",
      "integrity": "sha1-e9KC4/WELtKVu3SM3Z8f+iyCRoU=",
      "requires": {
        "dom-walk": "^0.1.0"
      }
    },
    "morphdom": {
      "version": "2.3.3",
      "resolved": "https://registry.npmjs.org/morphdom/-/morphdom-2.3.3.tgz",
      "integrity": "sha512-z+/GEulEfhrSFPOJSum8o5lZNv63cAGBPeFHO2WgpGo636Ln67ZuVydp2q0iTaZIXdf5FDNP2ZY6uhtg+LjlsA=="
    },
    "nanoassert": {
      "version": "1.1.0",
      "resolved": "https://registry.npmjs.org/nanoassert/-/nanoassert-1.1.0.tgz",
      "integrity": "sha1-TzFS4JVA/eKMdvRLGbvNHVpCR40="
    },
    "on-load": {
      "version": "3.4.0",
      "resolved": "https://registry.npmjs.org/on-load/-/on-load-3.4.0.tgz",
      "integrity": "sha512-p+fRMvrBSGVisUWz+2jOAO/F3oecpIcgs0m6nBjyytTnalwFQkOvRg6s8B94oPiV83ot+dq+2vZnHrnkVpom0g==",
      "requires": {
        "global": "^4.3.2",
        "nanoassert": "^1.1.0"
      }
    },
    "process": {
      "version": "0.5.2",
      "resolved": "https://registry.npmjs.org/process/-/process-0.5.2.tgz",
      "integrity": "sha1-FjjYqONML0QKkduVq5rrZ3/Bhc8="
    },
    "qs": {
      "version": "6.5.2",
      "resolved": "https://registry.npmjs.org/qs/-/qs-6.5.2.tgz",
      "integrity": "sha512-N5ZAX4/LxJmF+7wN74pUD6qAh9/wnvdQcjq9TZjevvXzSUo7bfmw91saqMjzGS2xq91/odN2dW/WOl7qQHNDGA=="
    },
    "yields-k": {
      "version": "0.7.2",
      "resolved": "https://registry.npmjs.org/yields-k/-/yields-k-0.7.2.tgz",
      "integrity": "sha1-l0CagDYhjaNP7WtrR3D++3fm3QA=",
      "requires": {
        "component-bind": "*",
        "component-event": "*",
        "component-os": "*",
        "yields-k-sequence": "*",
        "yields-keycode": "*"
      }
    },
    "yields-k-sequence": {
      "version": "0.1.0",
      "resolved": "https://registry.npmjs.org/yields-k-sequence/-/yields-k-sequence-0.1.0.tgz",
      "integrity": "sha1-t1aazsbF9ZTWfzbfqiSiccOATTo=",
      "requires": {
        "yields-keycode": "*"
      }
    },
    "yields-keycode": {
      "version": "1.1.0",
      "resolved": "https://registry.npmjs.org/yields-keycode/-/yields-keycode-1.1.0.tgz",
      "integrity": "sha1-A4qYWGbLtpEOQzrF4ouDmd/8Nd8="
    },
    "yo-yo": {
      "version": "1.4.1",
      "resolved": "https://registry.npmjs.org/yo-yo/-/yo-yo-1.4.1.tgz",
      "integrity": "sha1-nOSwD9iA5VM7Xn9GqT1o2RStb2Q=",
      "requires": {
        "bel": "^4.0.0",
        "morphdom": "^2.1.0"
      }
    }
  }
}
